
Microsoft Visual Studio Solution File, Format Version 12.00
# Visual Studio Version 16
VisualStudioVersion = 16.0.28407.52
MinimumVisualStudioVersion = 10.0.40219.1
Project("{9A19103F-16F7-4668-BE54-9A1E7A4F7556}") = "Sistem_Ventas", "Sistem_Ventas\Sistem_Ventas.csproj", "{1BC598AC-452E-4804-B9D6-3F7863737648}"
EndProject
Global
	GlobalSection(SolutionConfigurationPlatforms) = preSolution
		Debug|Any CPU = Debug|Any CPU
		Release|Any CPU = Release|Any CPU
	EndGlobalSection
	GlobalSection(ProjectConfigurationPlatforms) = postSolution
		{1BC598AC-452E-4804-B9D6-3F7863737648}.Debug|Any CPU.ActiveCfg = Debug|Any CPU
		{1BC598AC-452E-4804-B9D6-3F7863737648}.Debug|Any CPU.Build.0 = Debug|Any CPU
		{1BC598AC-452E-4804-B9D6-3F7863737648}.Release|Any CPU.ActiveCfg = Release|Any CPU
		{1BC598AC-452E-4804-B9D6-3F7863737648}.Release|Any CPU.Build.0 = Release|Any CPU
	EndGlobalSection
	GlobalSection(SolutionProperties) = preSolution
		HideSolutionNode = FALSE
	EndGlobalSection
	GlobalSection(ExtensibilityGlobals) = postSolution
		SolutionGuid = {68712239-63DF-4D79-9285-0C34962E73A0}
	EndGlobalSection
EndGlobal
